
Microsoft Visual Studio Solution File, Format Version 12.00
# Visual Studio 15
VisualStudioVersion = 15.0.28307.1169
MinimumVisualStudioVersion = 10.0.40219.1
Project("{FAE04EC0-301F-11D3-BF4B-00C04F79EFBC}") = "WriteLog", "WriteLog\WriteLog.csproj", "{097237EE-A6C0-4A58-8509-C3CBD32756C9}"
EndProject
Global
	GlobalSection(SolutionConfigurationPlatforms) = preSolution
		Debug|Any CPU = Debug|Any CPU
		Release|Any CPU = Release|Any CPU
	EndGlobalSection
	GlobalSection(ProjectConfigurationPlatforms) = postSolution
		{097237EE-A6C0-4A58-8509-C3CBD32756C9}.Debug|Any CPU.ActiveCfg = Debug|Any CPU
		{097237EE-A6C0-4A58-8509-C3CBD32756C9}.Debug|Any CPU.Build.0 = Debug|Any CPU
		{097237EE-A6C0-4A58-8509-C3CBD32756C9}.Release|Any CPU.ActiveCfg = Release|Any CPU
		{097237EE-A6C0-4A58-8509-C3CBD32756C9}.Release|Any CPU.Build.0 = Release|Any CPU
	EndGlobalSection
	GlobalSection(SolutionProperties) = preSolution
		HideSolutionNode = FALSE
	EndGlobalSection
	GlobalSection(ExtensibilityGlobals) = postSolution
		SolutionGuid = {B5ACF284-D7E8-4315-B722-10A1E1174D45}
	EndGlobalSection
EndGlobal
